
Microsoft Visual Studio Solution File, Format Version 12.00
# Visual Studio 16
Project("{FAE04EC0-301F-11D3-BF4B-00C04F79EFBC}") = "Assembly-CSharp", "Assembly-CSharp.csproj", "{F53F41FB-BF46-8051-20DF-8B582F2EF1E7}"
EndProject
Project("{FAE04EC0-301F-11D3-BF4B-00C04F79EFBC}") = "Assembly-CSharp-firstpass", "Assembly-CSharp-firstpass.csproj", "{991A26E5-50FB-01FB-DDD6-A402E4195CFD}"
EndProject
Project("{FAE04EC0-301F-11D3-BF4B-00C04F79EFBC}") = "Assembly-CSharp-Editor-firstpass", "Assembly-CSharp-Editor-firstpass.csproj", "{ED55CC7F-F776-3E08-02B1-B65BA2D6FF30}"
EndProject
Global
	GlobalSection(SolutionConfigurationPlatforms) = preSolution
		Debug|Any CPU = Debug|Any CPU
		Release|Any CPU = Release|Any CPU
	EndGlobalSection
	GlobalSection(ProjectConfigurationPlatforms) = postSolution
		{F53F41FB-BF46-8051-20DF-8B582F2EF1E7}.Debug|Any CPU.ActiveCfg = Debug|Any CPU
		{F53F41FB-BF46-8051-20DF-8B582F2EF1E7}.Debug|Any CPU.Build.0 = Debug|Any CPU
		{F53F41FB-BF46-8051-20DF-8B582F2EF1E7}.Release|Any CPU.ActiveCfg = Release|Any CPU
		{F53F41FB-BF46-8051-20DF-8B582F2EF1E7}.Release|Any CPU.Build.0 = Release|Any CPU
		{991A26E5-50FB-01FB-DDD6-A402E4195CFD}.Debug|Any CPU.ActiveCfg = Debug|Any CPU
		{991A26E5-50FB-01FB-DDD6-A402E4195CFD}.Debug|Any CPU.Build.0 = Debug|Any CPU
		{991A26E5-50FB-01FB-DDD6-A402E4195CFD}.Release|Any CPU.ActiveCfg = Release|Any CPU
		{991A26E5-50FB-01FB-DDD6-A402E4195CFD}.Release|Any CPU.Build.0 = Release|Any CPU
		{ED55CC7F-F776-3E08-02B1-B65BA2D6FF30}.Debug|Any CPU.ActiveCfg = Debug|Any CPU
		{ED55CC7F-F776-3E08-02B1-B65BA2D6FF30}.Debug|Any CPU.Build.0 = Debug|Any CPU
		{ED55CC7F-F776-3E08-02B1-B65BA2D6FF30}.Release|Any CPU.ActiveCfg = Release|Any CPU
		{ED55CC7F-F776-3E08-02B1-B65BA2D6FF30}.Release|Any CPU.Build.0 = Release|Any CPU
	EndGlobalSection
	GlobalSection(SolutionProperties) = preSolution
		HideSolutionNode = FALSE
	EndGlobalSection
	GlobalSection(MonoDevelopProperties) = preSolution
		StartupItem = Assembly-CSharp.csproj
	EndGlobalSection
EndGlobal
